
Microsoft Visual Studio Solution File, Format Version 12.00
# Visual Studio 15
VisualStudioVersion = 15.0.27428.2002
MinimumVisualStudioVersion = 10.0.40219.1
Project("{FAE04EC0-301F-11D3-BF4B-00C04F79EFBC}") = "SoftwaveGraphics", "SoftwaveGraphics\SoftwaveGraphics.csproj", "{E402D286-5167-442A-A028-4878789946CE}"
EndProject
Project("{2150E333-8FDC-42A3-9474-1A3956D46DE8}") = "Solution Items", "Solution Items", "{5B7DAFAD-B4AC-478A-934C-A6E1D7F9E17B}"
	ProjectSection(SolutionItems) = preProject
		GraphicsPipeline.dgml = GraphicsPipeline.dgml
		readme.md = readme.md
	EndProjectSection
EndProject
Project("{FAE04EC0-301F-11D3-BF4B-00C04F79EFBC}") = "Application", "Application\Application.csproj", "{824540F4-B6DE-4836-BAD8-3A01F4727529}"
EndProject
Project("{FAE04EC0-301F-11D3-BF4B-00C04F79EFBC}") = "APILibrary", "..\GalDesigner\Source\APILibrary\APILibrary.csproj", "{9F6B254E-6770-4A79-97F3-671D98618AC0}"
EndProject
Project("{FAE04EC0-301F-11D3-BF4B-00C04F79EFBC}") = "GalEngine", "..\GalDesigner\Source\GalEngine\GalEngine.csproj", "{26AFD910-AD7C-4165-8622-CB8103C2CA7D}"
EndProject
Project("{2150E333-8FDC-42A3-9474-1A3956D46DE8}") = "ThirdParty", "ThirdParty", "{58C15866-E0CE-4EEC-86A5-12FF1A7C9C9E}"
EndProject
Global
	GlobalSection(SolutionConfigurationPlatforms) = preSolution
		Debug|Any CPU = Debug|Any CPU
		Release|Any CPU = Release|Any CPU
	EndGlobalSection
	GlobalSection(ProjectConfigurationPlatforms) = postSolution
		{E402D286-5167-442A-A028-4878789946CE}.Debug|Any CPU.ActiveCfg = Debug|Any CPU
		{E402D286-5167-442A-A028-4878789946CE}.Debug|Any CPU.Build.0 = Debug|Any CPU
		{E402D286-5167-442A-A028-4878789946CE}.Release|Any CPU.ActiveCfg = Release|Any CPU
		{E402D286-5167-442A-A028-4878789946CE}.Release|Any CPU.Build.0 = Release|Any CPU
		{824540F4-B6DE-4836-BAD8-3A01F4727529}.Debug|Any CPU.ActiveCfg = Debug|Any CPU
		{824540F4-B6DE-4836-BAD8-3A01F4727529}.Debug|Any CPU.Build.0 = Debug|Any CPU
		{824540F4-B6DE-4836-BAD8-3A01F4727529}.Release|Any CPU.ActiveCfg = Release|Any CPU
		{824540F4-B6DE-4836-BAD8-3A01F4727529}.Release|Any CPU.Build.0 = Release|Any CPU
		{9F6B254E-6770-4A79-97F3-671D98618AC0}.Debug|Any CPU.ActiveCfg = Debug|Any CPU
		{9F6B254E-6770-4A79-97F3-671D98618AC0}.Debug|Any CPU.Build.0 = Debug|Any CPU
		{9F6B254E-6770-4A79-97F3-671D98618AC0}.Release|Any CPU.ActiveCfg = Release|Any CPU
		{9F6B254E-6770-4A79-97F3-671D98618AC0}.Release|Any CPU.Build.0 = Release|Any CPU
		{26AFD910-AD7C-4165-8622-CB8103C2CA7D}.Debug|Any CPU.ActiveCfg = Debug|Any CPU
		{26AFD910-AD7C-4165-8622-CB8103C2CA7D}.Debug|Any CPU.Build.0 = Debug|Any CPU
		{26AFD910-AD7C-4165-8622-CB8103C2CA7D}.Release|Any CPU.ActiveCfg = Release|Any CPU
		{26AFD910-AD7C-4165-8622-CB8103C2CA7D}.Release|Any CPU.Build.0 = Release|Any CPU
	EndGlobalSection
	GlobalSection(SolutionProperties) = preSolution
		HideSolutionNode = FALSE
	EndGlobalSection
	GlobalSection(NestedProjects) = preSolution
		{9F6B254E-6770-4A79-97F3-671D98618AC0} = {58C15866-E0CE-4EEC-86A5-12FF1A7C9C9E}
		{26AFD910-AD7C-4165-8622-CB8103C2CA7D} = {58C15866-E0CE-4EEC-86A5-12FF1A7C9C9E}
	EndGlobalSection
	GlobalSection(ExtensibilityGlobals) = postSolution
		SolutionGuid = {498DAE64-3A86-4D20-A56E-1CEB2DE69C99}
	EndGlobalSection
EndGlobal
